// !$*UTF8*$!
{
	archiveVersion = 1;
	classes = {
	};
	objectVersion = 48;
	objects = {

/* Begin PBXBuildFile section */
		0C09A4281F88960100D0190A /* CorporateServicesModel.swift in Sources */ = {isa = PBXBuildFile; fileRef = 0C09A4271F88960100D0190A /* CorporateServicesModel.swift */; };
		0C2DE9221F87625C002F1DE1 /* AppDelegate.swift in Sources */ = {isa = PBXBuildFile; fileRef = 0C2DE9211F87625C002F1DE1 /* AppDelegate.swift */; };
		0C2DE9241F87625C002F1DE1 /* ViewController.swift in Sources */ = {isa = PBXBuildFile; fileRef = 0C2DE9231F87625C002F1DE1 /* ViewController.swift */; };
		0C2DE9271F87625C002F1DE1 /* Main.storyboard in Resources */ = {isa = PBXBuildFile; fileRef = 0C2DE9251F87625C002F1DE1 /* Main.storyboard */; };
		0C2DE9291F87625C002F1DE1 /* Assets.xcassets in Resources */ = {isa = PBXBuildFile; fileRef = 0C2DE9281F87625C002F1DE1 /* Assets.xcassets */; };
		0C2DE92C1F87625C002F1DE1 /* LaunchScreen.storyboard in Resources */ = {isa = PBXBuildFile; fileRef = 0C2DE92A1F87625C002F1DE1 /* LaunchScreen.storyboard */; };
		0C2DE9381F876590002F1DE1 /* HomeScreenHeader.swift in Sources */ = {isa = PBXBuildFile; fileRef = 0C2DE9371F876590002F1DE1 /* HomeScreenHeader.swift */; };
		0C2DE93A1F8765DA002F1DE1 /* HomeScreenHeader.xib in Resources */ = {isa = PBXBuildFile; fileRef = 0C2DE9391F8765DA002F1DE1 /* HomeScreenHeader.xib */; };
		0C2DE93D1F87712F002F1DE1 /* ServicesCell.swift in Sources */ = {isa = PBXBuildFile; fileRef = 0C2DE93B1F87712F002F1DE1 /* ServicesCell.swift */; };
		0C2DE93E1F87712F002F1DE1 /* ServicesCell.xib in Resources */ = {isa = PBXBuildFile; fileRef = 0C2DE93C1F87712F002F1DE1 /* ServicesCell.xib */; };
		0C2DE9401F878C40002F1DE1 /* ContainerView.swift in Sources */ = {isa = PBXBuildFile; fileRef = 0C2DE93F1F878C40002F1DE1 /* ContainerView.swift */; };
		0C2DE9421F879408002F1DE1 /* Services.swift in Sources */ = {isa = PBXBuildFile; fileRef = 0C2DE9411F879408002F1DE1 /* Services.swift */; };
		0C2DE9451F879725002F1DE1 /* ServiceCollectionViewCell.swift in Sources */ = {isa = PBXBuildFile; fileRef = 0C2DE9431F879725002F1DE1 /* ServiceCollectionViewCell.swift */; };
		0C2DE9461F879725002F1DE1 /* ServiceCollectionViewCell.xib in Resources */ = {isa = PBXBuildFile; fileRef = 0C2DE9441F879725002F1DE1 /* ServiceCollectionViewCell.xib */; };
		0C2DE94D1F87C48E002F1DE1 /* CorporateServices.swift in Sources */ = {isa = PBXBuildFile; fileRef = 0C2DE94B1F87C48E002F1DE1 /* CorporateServices.swift */; };
		0C2DE94E1F87C48E002F1DE1 /* CorporateServices.xib in Resources */ = {isa = PBXBuildFile; fileRef = 0C2DE94C1F87C48E002F1DE1 /* CorporateServices.xib */; };
		0CBAEBF01F88B90800BD1221 /* NineMoreServices.swift in Sources */ = {isa = PBXBuildFile; fileRef = 0CBAEBEF1F88B90800BD1221 /* NineMoreServices.swift */; };
		0CBAEBF71F88C3FA00BD1221 /* TrendingCityTourCell.swift in Sources */ = {isa = PBXBuildFile; fileRef = 0CBAEBF51F88C3FA00BD1221 /* TrendingCityTourCell.swift */; };
		0CBAEBF81F88C3FA00BD1221 /* TrendingCityTourCell.xib in Resources */ = {isa = PBXBuildFile; fileRef = 0CBAEBF61F88C3FA00BD1221 /* TrendingCityTourCell.xib */; };
		0CBAEBFB1F88D55000BD1221 /* HotelDataCollectionCell.swift in Sources */ = {isa = PBXBuildFile; fileRef = 0CBAEBF91F88D55000BD1221 /* HotelDataCollectionCell.swift */; };
		0CBAEBFC1F88D55000BD1221 /* HotelDataCollectionCell.xib in Resources */ = {isa = PBXBuildFile; fileRef = 0CBAEBFA1F88D55000BD1221 /* HotelDataCollectionCell.xib */; };
		0CBAEBFE1F88E27D00BD1221 /* HotelDetails.swift in Sources */ = {isa = PBXBuildFile; fileRef = 0CBAEBFD1F88E27D00BD1221 /* HotelDetails.swift */; };
		0CBAEC011F88FC2D00BD1221 /* TopRatedRestaurants.swift in Sources */ = {isa = PBXBuildFile; fileRef = 0CBAEBFF1F88FC2D00BD1221 /* TopRatedRestaurants.swift */; };
		0CBAEC021F88FC2D00BD1221 /* TopRatedRestaurants.xib in Resources */ = {isa = PBXBuildFile; fileRef = 0CBAEC001F88FC2D00BD1221 /* TopRatedRestaurants.xib */; };
		0CBAEC051F890E4000BD1221 /* TopNearByEventCell.swift in Sources */ = {isa = PBXBuildFile; fileRef = 0CBAEC031F890E4000BD1221 /* TopNearByEventCell.swift */; };
		0CBAEC061F890E4000BD1221 /* TopNearByEventCell.xib in Resources */ = {isa = PBXBuildFile; fileRef = 0CBAEC041F890E4000BD1221 /* TopNearByEventCell.xib */; };
/* End PBXBuildFile section */

/* Begin PBXFileReference section */
		0C09A4271F88960100D0190A /* CorporateServicesModel.swift */ = {isa = PBXFileReference; lastKnownFileType = sourcecode.swift; path = CorporateServicesModel.swift; sourceTree = "<group>"; };
		0C2DE91E1F87625C002F1DE1 /* UIDemo.app */ = {isa = PBXFileReference; explicitFileType = wrapper.application; includeInIndex = 0; path = UIDemo.app; sourceTree = BUILT_PRODUCTS_DIR; };
		0C2DE9211F87625C002F1DE1 /* AppDelegate.swift */ = {isa = PBXFileReference; lastKnownFileType = sourcecode.swift; path = AppDelegate.swift; sourceTree = "<group>"; };
		0C2DE9231F87625C002F1DE1 /* ViewController.swift */ = {isa = PBXFileReference; lastKnownFileType = sourcecode.swift; path = ViewController.swift; sourceTree = "<group>"; };
		0C2DE9261F87625C002F1DE1 /* Base */ = {isa = PBXFileReference; lastKnownFileType = file.storyboard; name = Base; path = Base.lproj/Main.storyboard; sourceTree = "<group>"; };
		0C2DE9281F87625C002F1DE1 /* Assets.xcassets */ = {isa = PBXFileReference; lastKnownFileType = folder.assetcatalog; path = Assets.xcassets; sourceTree = "<group>"; };
		0C2DE92B1F87625C002F1DE1 /* Base */ = {isa = PBXFileReference; lastKnownFileType = file.storyboard; name = Base; path = Base.lproj/LaunchScreen.storyboard; sourceTree = "<group>"; };
		0C2DE92D1F87625C002F1DE1 /* Info.plist */ = {isa = PBXFileReference; lastKnownFileType = text.plist.xml; path = Info.plist; sourceTree = "<group>"; };
		0C2DE9371F876590002F1DE1 /* HomeScreenHeader.swift */ = {isa = PBXFileReference; lastKnownFileType = sourcecode.swift; path = HomeScreenHeader.swift; sourceTree = "<group>"; };
		0C2DE9391F8765DA002F1DE1 /* HomeScreenHeader.xib */ = {isa = PBXFileReference; lastKnownFileType = file.xib; path = HomeScreenHeader.xib; sourceTree = "<group>"; };
		0C2DE93B1F87712F002F1DE1 /* ServicesCell.swift */ = {isa = PBXFileReference; lastKnownFileType = sourcecode.swift; path = ServicesCell.swift; sourceTree = "<group>"; };
		0C2DE93C1F87712F002F1DE1 /* ServicesCell.xib */ = {isa = PBXFileReference; lastKnownFileType = file.xib; path = ServicesCell.xib; sourceTree = "<group>"; };
		0C2DE93F1F878C40002F1DE1 /* ContainerView.swift */ = {isa = PBXFileReference; lastKnownFileType = sourcecode.swift; path = ContainerView.swift; sourceTree = "<group>"; };
		0C2DE9411F879408002F1DE1 /* Services.swift */ = {isa = PBXFileReference; lastKnownFileType = sourcecode.swift; path = Services.swift; sourceTree = "<group>"; };
		0C2DE9431F879725002F1DE1 /* ServiceCollectionViewCell.swift */ = {isa = PBXFileReference; lastKnownFileType = sourcecode.swift; path = ServiceCollectionViewCell.swift; sourceTree = "<group>"; };
		0C2DE9441F879725002F1DE1 /* ServiceCollectionViewCell.xib */ = {isa = PBXFileReference; lastKnownFileType = file.xib; path = ServiceCollectionViewCell.xib; sourceTree = "<group>"; };
		0C2DE94B1F87C48E002F1DE1 /* CorporateServices.swift */ = {isa = PBXFileReference; lastKnownFileType = sourcecode.swift; path = CorporateServices.swift; sourceTree = "<group>"; };
		0C2DE94C1F87C48E002F1DE1 /* CorporateServices.xib */ = {isa = PBXFileReference; lastKnownFileType = file.xib; path = CorporateServices.xib; sourceTree = "<group>"; };
		0CBAEBEF1F88B90800BD1221 /* NineMoreServices.swift */ = {isa = PBXFileReference; lastKnownFileType = sourcecode.swift; path = NineMoreServices.swift; sourceTree = "<group>"; };
		0CBAEBF51F88C3FA00BD1221 /* TrendingCityTourCell.swift */ = {isa = PBXFileReference; lastKnownFileType = sourcecode.swift; path = TrendingCityTourCell.swift; sourceTree = "<group>"; };
		0CBAEBF61F88C3FA00BD1221 /* TrendingCityTourCell.xib */ = {isa = PBXFileReference; lastKnownFileType = file.xib; path = TrendingCityTourCell.xib; sourceTree = "<group>"; };
		0CBAEBF91F88D55000BD1221 /* HotelDataCollectionCell.swift */ = {isa = PBXFileReference; lastKnownFileType = sourcecode.swift; path = HotelDataCollectionCell.swift; sourceTree = "<group>"; };
		0CBAEBFA1F88D55000BD1221 /* HotelDataCollectionCell.xib */ = {isa = PBXFileReference; lastKnownFileType = file.xib; path = HotelDataCollectionCell.xib; sourceTree = "<group>"; };
		0CBAEBFD1F88E27D00BD1221 /* HotelDetails.swift */ = {isa = PBXFileReference; lastKnownFileType = sourcecode.swift; path = HotelDetails.swift; sourceTree = "<group>"; };
		0CBAEBFF1F88FC2D00BD1221 /* TopRatedRestaurants.swift */ = {isa = PBXFileReference; lastKnownFileType = sourcecode.swift; path = TopRatedRestaurants.swift; sourceTree = "<group>"; };
		0CBAEC001F88FC2D00BD1221 /* TopRatedRestaurants.xib */ = {isa = PBXFileReference; lastKnownFileType = file.xib; path = TopRatedRestaurants.xib; sourceTree = "<group>"; };
		0CBAEC031F890E4000BD1221 /* TopNearByEventCell.swift */ = {isa = PBXFileReference; lastKnownFileType = sourcecode.swift; path = TopNearByEventCell.swift; sourceTree = "<group>"; };
		0CBAEC041F890E4000BD1221 /* TopNearByEventCell.xib */ = {isa = PBXFileReference; lastKnownFileType = file.xib; path = TopNearByEventCell.xib; sourceTree = "<group>"; };
/* End PBXFileReference section */

/* Begin PBXFrameworksBuildPhase section */
		0C2DE91B1F87625C002F1DE1 /* Frameworks */ = {
			isa = PBXFrameworksBuildPhase;
			buildActionMask = 2147483647;
			files = (
			);
			runOnlyForDeploymentPostprocessing = 0;
		};
/* End PBXFrameworksBuildPhase section */

/* Begin PBXGroup section */
		0C2DE9151F87625C002F1DE1 = {
			isa = PBXGroup;
			children = (
				0C2DE9201F87625C002F1DE1 /* UIDemo */,
				0C2DE91F1F87625C002F1DE1 /* Products */,
			);
			sourceTree = "<group>";
		};
		0C2DE91F1F87625C002F1DE1 /* Products */ = {
			isa = PBXGroup;
			children = (
				0C2DE91E1F87625C002F1DE1 /* UIDemo.app */,
			);
			name = Products;
			sourceTree = "<group>";
		};
		0C2DE9201F87625C002F1DE1 /* UIDemo */ = {
			isa = PBXGroup;
			children = (
				0C2DE9331F8763AB002F1DE1 /* MODEL */,
				0C2DE9361F8763FD002F1DE1 /* VIEW */,
				0C2DE9351F8763C8002F1DE1 /* ViewControllers */,
				0C2DE92D1F87625C002F1DE1 /* Info.plist */,
			);
			path = UIDemo;
			sourceTree = "<group>";
		};
		0C2DE9331F8763AB002F1DE1 /* MODEL */ = {
			isa = PBXGroup;
			children = (
				0C2DE9411F879408002F1DE1 /* Services.swift */,
				0C09A4271F88960100D0190A /* CorporateServicesModel.swift */,
				0CBAEBFD1F88E27D00BD1221 /* HotelDetails.swift */,
			);
			path = MODEL;
			sourceTree = "<group>";
		};
		0C2DE9351F8763C8002F1DE1 /* ViewControllers */ = {
			isa = PBXGroup;
			children = (
				0C2DE9211F87625C002F1DE1 /* AppDelegate.swift */,
				0C2DE93F1F878C40002F1DE1 /* ContainerView.swift */,
				0C2DE9231F87625C002F1DE1 /* ViewController.swift */,
				0CBAEBEF1F88B90800BD1221 /* NineMoreServices.swift */,
				0C2DE9371F876590002F1DE1 /* HomeScreenHeader.swift */,
				0C2DE93B1F87712F002F1DE1 /* ServicesCell.swift */,
				0C2DE9431F879725002F1DE1 /* ServiceCollectionViewCell.swift */,
				0C2DE94B1F87C48E002F1DE1 /* CorporateServices.swift */,
				0CBAEBF51F88C3FA00BD1221 /* TrendingCityTourCell.swift */,
				0CBAEBF91F88D55000BD1221 /* HotelDataCollectionCell.swift */,
				0CBAEBFF1F88FC2D00BD1221 /* TopRatedRestaurants.swift */,
				0CBAEC031F890E4000BD1221 /* TopNearByEventCell.swift */,
			);
			path = ViewControllers;
			sourceTree = "<group>";
		};
		0C2DE9361F8763FD002F1DE1 /* VIEW */ = {
			isa = PBXGroup;
			children = (
				0C2DE9251F87625C002F1DE1 /* Main.storyboard */,
				0C2DE9391F8765DA002F1DE1 /* HomeScreenHeader.xib */,
				0C2DE93C1F87712F002F1DE1 /* ServicesCell.xib */,
				0C2DE9441F879725002F1DE1 /* ServiceCollectionViewCell.xib */,
				0C2DE94C1F87C48E002F1DE1 /* CorporateServices.xib */,
				0CBAEBF61F88C3FA00BD1221 /* TrendingCityTourCell.xib */,
				0CBAEBFA1F88D55000BD1221 /* HotelDataCollectionCell.xib */,
				0CBAEC001F88FC2D00BD1221 /* TopRatedRestaurants.xib */,
				0CBAEC041F890E4000BD1221 /* TopNearByEventCell.xib */,
				0C2DE9281F87625C002F1DE1 /* Assets.xcassets */,
				0C2DE92A1F87625C002F1DE1 /* LaunchScreen.storyboard */,
			);
			path = VIEW;
			sourceTree = "<group>";
		};
/* End PBXGroup section */

/* Begin PBXNativeTarget section */
		0C2DE91D1F87625C002F1DE1 /* UIDemo */ = {
			isa = PBXNativeTarget;
			buildConfigurationList = 0C2DE9301F87625C002F1DE1 /* Build configuration list for PBXNativeTarget "UIDemo" */;
			buildPhases = (
				0C2DE91A1F87625C002F1DE1 /* Sources */,
				0C2DE91B1F87625C002F1DE1 /* Frameworks */,
				0C2DE91C1F87625C002F1DE1 /* Resources */,
			);
			buildRules = (
			);
			dependencies = (
			);
			name = UIDemo;
			productName = UIDemo;
			productReference = 0C2DE91E1F87625C002F1DE1 /* UIDemo.app */;
			productType = "com.apple.product-type.application";
		};
/* End PBXNativeTarget section */

/* Begin PBXProject section */
		0C2DE9161F87625C002F1DE1 /* Project object */ = {
			isa = PBXProject;
			attributes = {
				LastSwiftUpdateCheck = 0900;
				LastUpgradeCheck = 0900;
				ORGANIZATIONNAME = "Appinventiv Technologies";
				TargetAttributes = {
					0C2DE91D1F87625C002F1DE1 = {
						CreatedOnToolsVersion = 9.0;
						ProvisioningStyle = Automatic;
					};
				};
			};
			buildConfigurationList = 0C2DE9191F87625C002F1DE1 /* Build configuration list for PBXProject "UIDemo" */;
			compatibilityVersion = "Xcode 8.0";
			developmentRegion = en;
			hasScannedForEncodings = 0;
			knownRegions = (
				en,
				Base,
			);
			mainGroup = 0C2DE9151F87625C002F1DE1;
			productRefGroup = 0C2DE91F1F87625C002F1DE1 /* Products */;
			projectDirPath = "";
			projectRoot = "";
			targets = (
				0C2DE91D1F87625C002F1DE1 /* UIDemo */,
			);
		};
/* End PBXProject section */

/* Begin PBXResourcesBuildPhase section */
		0C2DE91C1F87625C002F1DE1 /* Resources */ = {
			isa = PBXResourcesBuildPhase;
			buildActionMask = 2147483647;
			files = (
				0C2DE94E1F87C48E002F1DE1 /* CorporateServices.xib in Resources */,
				0C2DE9461F879725002F1DE1 /* ServiceCollectionViewCell.xib in Resources */,
				0CBAEC061F890E4000BD1221 /* TopNearByEventCell.xib in Resources */,
				0CBAEBFC1F88D55000BD1221 /* HotelDataCollectionCell.xib in Resources */,
				0C2DE92C1F87625C002F1DE1 /* LaunchScreen.storyboard in Resources */,
				0C2DE93E1F87712F002F1DE1 /* ServicesCell.xib in Resources */,
				0C2DE9291F87625C002F1DE1 /* Assets.xcassets in Resources */,
				0C2DE9271F87625C002F1DE1 /* Main.storyboard in Resources */,
				0CBAEC021F88FC2D00BD1221 /* TopRatedRestaurants.xib in Resources */,
				0C2DE93A1F8765DA002F1DE1 /* HomeScreenHeader.xib in Resources */,
				0CBAEBF81F88C3FA00BD1221 /* TrendingCityTourCell.xib in Resources */,
			);
			runOnlyForDeploymentPostprocessing = 0;
		};
/* End PBXResourcesBuildPhase section */

/* Begin PBXSourcesBuildPhase section */
		0C2DE91A1F87625C002F1DE1 /* Sources */ = {
			isa = PBXSourcesBuildPhase;
			buildActionMask = 2147483647;
			files = (
				0C2DE9401F878C40002F1DE1 /* ContainerView.swift in Sources */,
				0C2DE9421F879408002F1DE1 /* Services.swift in Sources */,
				0C2DE9381F876590002F1DE1 /* HomeScreenHeader.swift in Sources */,
				0CBAEC051F890E4000BD1221 /* TopNearByEventCell.swift in Sources */,
				0CBAEBF71F88C3FA00BD1221 /* TrendingCityTourCell.swift in Sources */,
				0C2DE93D1F87712F002F1DE1 /* ServicesCell.swift in Sources */,
				0C2DE9241F87625C002F1DE1 /* ViewController.swift in Sources */,
				0C2DE94D1F87C48E002F1DE1 /* CorporateServices.swift in Sources */,
				0CBAEBF01F88B90800BD1221 /* NineMoreServices.swift in Sources */,
				0CBAEBFE1F88E27D00BD1221 /* HotelDetails.swift in Sources */,
				0CBAEC011F88FC2D00BD1221 /* TopRatedRestaurants.swift in Sources */,
				0C09A4281F88960100D0190A /* CorporateServicesModel.swift in Sources */,
				0C2DE9451F879725002F1DE1 /* ServiceCollectionViewCell.swift in Sources */,
				0CBAEBFB1F88D55000BD1221 /* HotelDataCollectionCell.swift in Sources */,
				0C2DE9221F87625C002F1DE1 /* AppDelegate.swift in Sources */,
			);
			runOnlyForDeploymentPostprocessing = 0;
		};
/* End PBXSourcesBuildPhase section */

/* Begin PBXVariantGroup section */
		0C2DE9251F87625C002F1DE1 /* Main.storyboard */ = {
			isa = PBXVariantGroup;
			children = (
				0C2DE9261F87625C002F1DE1 /* Base */,
			);
			name = Main.storyboard;
			sourceTree = "<group>";
		};
		0C2DE92A1F87625C002F1DE1 /* LaunchScreen.storyboard */ = {
			isa = PBXVariantGroup;
			children = (
				0C2DE92B1F87625C002F1DE1 /* Base */,
			);
			name = LaunchScreen.storyboard;
			sourceTree = "<group>";
		};
/* End PBXVariantGroup section */

/* Begin XCBuildConfiguration section */
		0C2DE92E1F87625C002F1DE1 /* Debug */ = {
			isa = XCBuildConfiguration;
			buildSettings = {
				ALWAYS_SEARCH_USER_PATHS = NO;
				CLANG_ANALYZER_NONNULL = YES;
				CLANG_ANALYZER_NUMBER_OBJECT_CONVERSION = YES_AGGRESSIVE;
				CLANG_CXX_LANGUAGE_STANDARD = "gnu++14";
				CLANG_CXX_LIBRARY = "libc++";
				CLANG_ENABLE_MODULES = YES;
				CLANG_ENABLE_OBJC_ARC = YES;
				CLANG_WARN_BLOCK_CAPTURE_AUTORELEASING = YES;
				CLANG_WARN_BOOL_CONVERSION = YES;
				CLANG_WARN_COMMA = YES;
				CLANG_WARN_CONSTANT_CONVERSION = YES;
				CLANG_WARN_DIRECT_OBJC_ISA_USAGE = YES_ERROR;
				CLANG_WARN_DOCUMENTATION_COMMENTS = YES;
				CLANG_WARN_EMPTY_BODY = YES;
				CLANG_WARN_ENUM_CONVERSION = YES;
				CLANG_WARN_INFINITE_RECURSION = YES;
				CLANG_WARN_INT_CONVERSION = YES;
				CLANG_WARN_NON_LITERAL_NULL_CONVERSION = YES;
				CLANG_WARN_OBJC_LITERAL_CONVERSION = YES;
				CLANG_WARN_OBJC_ROOT_CLASS = YES_ERROR;
				CLANG_WARN_RANGE_LOOP_ANALYSIS = YES;
				CLANG_WARN_STRICT_PROTOTYPES = YES;
				CLANG_WARN_SUSPICIOUS_MOVE = YES;
				CLANG_WARN_UNGUARDED_AVAILABILITY = YES_AGGRESSIVE;
				CLANG_WARN_UNREACHABLE_CODE = YES;
				CLANG_WARN__DUPLICATE_METHOD_MATCH = YES;
				CODE_SIGN_IDENTITY = "iPhone Developer";
				COPY_PHASE_STRIP = NO;
				DEBUG_INFORMATION_FORMAT = dwarf;
				ENABLE_STRICT_OBJC_MSGSEND = YES;
				ENABLE_TESTABILITY = YES;
				GCC_C_LANGUAGE_STANDARD = gnu11;
				GCC_DYNAMIC_NO_PIC = NO;
				GCC_NO_COMMON_BLOCKS = YES;
				GCC_OPTIMIZATION_LEVEL = 0;
				GCC_PREPROCESSOR_DEFINITIONS = (
					"DEBUG=1",
					"$(inherited)",
				);
				GCC_WARN_64_TO_32_BIT_CONVERSION = YES;
				GCC_WARN_ABOUT_RETURN_TYPE = YES_ERROR;
				GCC_WARN_UNDECLARED_SELECTOR = YES;
				GCC_WARN_UNINITIALIZED_AUTOS = YES_AGGRESSIVE;
				GCC_WARN_UNUSED_FUNCTION = YES;
				GCC_WARN_UNUSED_VARIABLE = YES;
				IPHONEOS_DEPLOYMENT_TARGET = 11.0;
				MTL_ENABLE_DEBUG_INFO = YES;
				ONLY_ACTIVE_ARCH = YES;
				SDKROOT = iphoneos;
				SWIFT_ACTIVE_COMPILATION_CONDITIONS = DEBUG;
				SWIFT_OPTIMIZATION_LEVEL = "-Onone";
			};
			name = Debug;
		};
		0C2DE92F1F87625C002F1DE1 /* Release */ = {
			isa = XCBuildConfiguration;
			buildSettings = {
				ALWAYS_SEARCH_USER_PATHS = NO;
				CLANG_ANALYZER_NONNULL = YES;
				CLANG_ANALYZER_NUMBER_OBJECT_CONVERSION = YES_AGGRESSIVE;
				CLANG_CXX_LANGUAGE_STANDARD = "gnu++14";
				CLANG_CXX_LIBRARY = "libc++";
				CLANG_ENABLE_MODULES = YES;
				CLANG_ENABLE_OBJC_ARC = YES;
				CLANG_WARN_BLOCK_CAPTURE_AUTORELEASING = YES;
				CLANG_WARN_BOOL_CONVERSION = YES;
				CLANG_WARN_COMMA = YES;
				CLANG_WARN_CONSTANT_CONVERSION = YES;
				CLANG_WARN_DIRECT_OBJC_ISA_USAGE = YES_ERROR;
				CLANG_WARN_DOCUMENTATION_COMMENTS = YES;
				CLANG_WARN_EMPTY_BODY = YES;
				CLANG_WARN_ENUM_CONVERSION = YES;
				CLANG_WARN_INFINITE_RECURSION = YES;
				CLANG_WARN_INT_CONVERSION = YES;
				CLANG_WARN_NON_LITERAL_NULL_CONVERSION = YES;
				CLANG_WARN_OBJC_LITERAL_CONVERSION = YES;
				CLANG_WARN_OBJC_ROOT_CLASS = YES_ERROR;
				CLANG_WARN_RANGE_LOOP_ANALYSIS = YES;
				CLANG_WARN_STRICT_PROTOTYPES = YES;
				CLANG_WARN_SUSPICIOUS_MOVE = YES;
				CLANG_WARN_UNGUARDED_AVAILABILITY = YES_AGGRESSIVE;
				CLANG_WARN_UNREACHABLE_CODE = YES;
				CLANG_WARN__DUPLICATE_METHOD_MATCH = YES;
				CODE_SIGN_IDENTITY = "iPhone Developer";
				COPY_PHASE_STRIP = NO;
				DEBUG_INFORMATION_FORMAT = "dwarf-with-dsym";
				ENABLE_NS_ASSERTIONS = NO;
				ENABLE_STRICT_OBJC_MSGSEND = YES;
				GCC_C_LANGUAGE_STANDARD = gnu11;
				GCC_NO_COMMON_BLOCKS = YES;
				GCC_WARN_64_TO_32_BIT_CONVERSION = YES;
				GCC_WARN_ABOUT_RETURN_TYPE = YES_ERROR;
				GCC_WARN_UNDECLARED_SELECTOR = YES;
				GCC_WARN_UNINITIALIZED_AUTOS = YES_AGGRESSIVE;
				GCC_WARN_UNUSED_FUNCTION = YES;
				GCC_WARN_UNUSED_VARIABLE = YES;
				IPHONEOS_DEPLOYMENT_TARGET = 11.0;
				MTL_ENABLE_DEBUG_INFO = NO;
				SDKROOT = iphoneos;
				SWIFT_OPTIMIZATION_LEVEL = "-Owholemodule";
				VALIDATE_PRODUCT = YES;
			};
			name = Release;
		};
		0C2DE9311F87625C002F1DE1 /* Debug */ = {
			isa = XCBuildConfiguration;
			buildSettings = {
				ASSETCATALOG_COMPILER_APPICON_NAME = AppIcon;
				CODE_SIGN_STYLE = Automatic;
				INFOPLIST_FILE = UIDemo/Info.plist;
				LD_RUNPATH_SEARCH_PATHS = "$(inherited) @executable_path/Frameworks";
				PRODUCT_BUNDLE_IDENTIFIER = d.UIDemo;
				PRODUCT_NAME = "$(TARGET_NAME)";
				SWIFT_VERSION = 4.0;
				TARGETED_DEVICE_FAMILY = "1,2";
			};
			name = Debug;
		};
		0C2DE9321F87625C002F1DE1 /* Release */ = {
			isa = XCBuildConfiguration;
			buildSettings = {
				ASSETCATALOG_COMPILER_APPICON_NAME = AppIcon;
				CODE_SIGN_STYLE = Automatic;
				INFOPLIST_FILE = UIDemo/Info.plist;
				LD_RUNPATH_SEARCH_PATHS = "$(inherited) @executable_path/Frameworks";
				PRODUCT_BUNDLE_IDENTIFIER = d.UIDemo;
				PRODUCT_NAME = "$(TARGET_NAME)";
				SWIFT_VERSION = 4.0;
				TARGETED_DEVICE_FAMILY = "1,2";
			};
			name = Release;
		};
/* End XCBuildConfiguration section */

/* Begin XCConfigurationList section */
		0C2DE9191F87625C002F1DE1 /* Build configuration list for PBXProject "UIDemo" */ = {
			isa = XCConfigurationList;
			buildConfigurations = (
				0C2DE92E1F87625C002F1DE1 /* Debug */,
				0C2DE92F1F87625C002F1DE1 /* Release */,
			);
			defaultConfigurationIsVisible = 0;
			defaultConfigurationName = Release;
		};
		0C2DE9301F87625C002F1DE1 /* Build configuration list for PBXNativeTarget "UIDemo" */ = {
			isa = XCConfigurationList;
			buildConfigurations = (
				0C2DE9311F87625C002F1DE1 /* Debug */,
				0C2DE9321F87625C002F1DE1 /* Release */,
			);
			defaultConfigurationIsVisible = 0;
			defaultConfigurationName = Release;
		};
/* End XCConfigurationList section */
	};
	rootObject = 0C2DE9161F87625C002F1DE1 /* Project object */;
}
